
Microsoft Visual Studio Solution File, Format Version 12.00
Project("{FAE04EC0-301F-11D3-BF4B-00C04F79EFBC}") = "WebApp", "WebApp\WebApp.csproj", "{C535DB9B-E6F7-477A-97F2-C30697A92995}"
EndProject
Project("{2150E333-8FDC-42A3-9474-1A3956D46DE8}") = "!Solution items", "!Solution items", "{8DD44C07-A81B-4DE6-A605-16F026D97C0B}"
	ProjectSection(SolutionItems) = preProject
		..\commands.md = ..\commands.md
		Dockerfile = Dockerfile
		.dockerignore = .dockerignore
		docker-compose.yml = docker-compose.yml
		.env = .env
		..\Directory.Build.props = ..\Directory.Build.props
	EndProjectSection
EndProject
Project("{FAE04EC0-301F-11D3-BF4B-00C04F79EFBC}") = "App.Domain", "App.Domain\App.Domain.csproj", "{A5F72E85-79B5-47F0-BD92-1F3958FFC524}"
EndProject
Project("{FAE04EC0-301F-11D3-BF4B-00C04F79EFBC}") = "App.DAL.EF", "App.DAL.EF\App.DAL.EF.csproj", "{5D741B8B-2AF9-4BBA-9C8D-FD107DB8D775}"
EndProject
Project("{2150E333-8FDC-42A3-9474-1A3956D46DE8}") = "APP", "APP", "{8254AEC4-3156-4D02-9C5A-41092BC06487}"
EndProject
Project("{2150E333-8FDC-42A3-9474-1A3956D46DE8}") = "BASE", "BASE", "{FC872F66-A3A6-48F2-8386-037D4F4391AE}"
EndProject
Project("{FAE04EC0-301F-11D3-BF4B-00C04F79EFBC}") = "Base.Domain", "Base.Domain\Base.Domain.csproj", "{BF809328-F144-48B8-9C70-75BA147017F8}"
EndProject
Project("{FAE04EC0-301F-11D3-BF4B-00C04F79EFBC}") = "Base.Resources", "Base.Resources\Base.Resources.csproj", "{665C51E9-3FB2-447A-9BEB-FEA590B3B8C6}"
EndProject
Project("{FAE04EC0-301F-11D3-BF4B-00C04F79EFBC}") = "App.Resources", "App.Resources\App.Resources.csproj", "{BB243114-7B92-4EC8-8B50-00C7972470CF}"
EndProject
Project("{FAE04EC0-301F-11D3-BF4B-00C04F79EFBC}") = "Base.Contracts", "Base.Contracts\Base.Contracts.csproj", "{6A3F864D-7DA5-4FF7-8598-1C8D0A22E915}"
EndProject
Project("{FAE04EC0-301F-11D3-BF4B-00C04F79EFBC}") = "Base.DAL.Contracts", "Base.DAL.Contracts\Base.DAL.Contracts.csproj", "{CCABC0D2-1A0C-409E-A262-E5E0EC22E096}"
EndProject
Project("{FAE04EC0-301F-11D3-BF4B-00C04F79EFBC}") = "Base.DAL.EF", "Base.DAL.EF\Base.DAL.EF.csproj", "{F0FF36EA-ED9B-487D-9694-550A0413C7A1}"
EndProject
Project("{FAE04EC0-301F-11D3-BF4B-00C04F79EFBC}") = "App.DAL.Contracts", "App.DAL.Contracts\App.DAL.Contracts.csproj", "{2AB5A671-8ED0-4140-9E0D-5C5A10DBBBF0}"
EndProject
Project("{FAE04EC0-301F-11D3-BF4B-00C04F79EFBC}") = "App.DAL.DTO", "App.DAL.DTO\App.DAL.DTO.csproj", "{7D36F19A-9495-465B-8051-D4EC8C6D929E}"
EndProject
Project("{FAE04EC0-301F-11D3-BF4B-00C04F79EFBC}") = "Base.Helpers", "Base.Helpers\Base.Helpers.csproj", "{0D5075D2-A741-4F93-B055-3F4E7129C9C6}"
EndProject
Project("{FAE04EC0-301F-11D3-BF4B-00C04F79EFBC}") = "App.DTO", "App.DTO\App.DTO.csproj", "{B67CDBFC-708F-4387-B98D-AADA071A54F3}"
EndProject
Project("{FAE04EC0-301F-11D3-BF4B-00C04F79EFBC}") = "Base.BLL", "Base.BLL\Base.BLL.csproj", "{7EEC7079-270C-4FB1-B301-7A4F236420C3}"
EndProject
Project("{FAE04EC0-301F-11D3-BF4B-00C04F79EFBC}") = "Base.BLL.Contracts", "Base.BLL.Contracts\Base.BLL.Contracts.csproj", "{BB78BCD9-DEF9-4F19-AA99-E8D68C0ED5E9}"
EndProject
Project("{FAE04EC0-301F-11D3-BF4B-00C04F79EFBC}") = "App.BLL", "App.BLL\App.BLL.csproj", "{67AACEAD-7FC0-43E5-A915-42494A54E910}"
EndProject
Project("{FAE04EC0-301F-11D3-BF4B-00C04F79EFBC}") = "App.BLL.Contracts", "App.BLL.Contracts\App.BLL.Contracts.csproj", "{2CB222D3-36DC-4352-AFFC-CBA2A10B8DD6}"
EndProject
Project("{FAE04EC0-301F-11D3-BF4B-00C04F79EFBC}") = "App.BLL.DTO", "App.BLL.DTO\App.BLL.DTO.csproj", "{EED25C7F-A34C-4D5A-A33D-14C4CCE53CBA}"
EndProject
Project("{FAE04EC0-301F-11D3-BF4B-00C04F79EFBC}") = "App.Tests", "App.Tests\App.Tests.csproj", "{FC208255-1113-4407-9509-8957DC85B46B}"
EndProject
Global
	GlobalSection(SolutionConfigurationPlatforms) = preSolution
		Debug|Any CPU = Debug|Any CPU
		Release|Any CPU = Release|Any CPU
	EndGlobalSection
	GlobalSection(ProjectConfigurationPlatforms) = postSolution
		{C535DB9B-E6F7-477A-97F2-C30697A92995}.Debug|Any CPU.ActiveCfg = Debug|Any CPU
		{C535DB9B-E6F7-477A-97F2-C30697A92995}.Debug|Any CPU.Build.0 = Debug|Any CPU
		{C535DB9B-E6F7-477A-97F2-C30697A92995}.Release|Any CPU.ActiveCfg = Release|Any CPU
		{C535DB9B-E6F7-477A-97F2-C30697A92995}.Release|Any CPU.Build.0 = Release|Any CPU
		{A5F72E85-79B5-47F0-BD92-1F3958FFC524}.Debug|Any CPU.ActiveCfg = Debug|Any CPU
		{A5F72E85-79B5-47F0-BD92-1F3958FFC524}.Debug|Any CPU.Build.0 = Debug|Any CPU
		{A5F72E85-79B5-47F0-BD92-1F3958FFC524}.Release|Any CPU.ActiveCfg = Release|Any CPU
		{A5F72E85-79B5-47F0-BD92-1F3958FFC524}.Release|Any CPU.Build.0 = Release|Any CPU
		{5D741B8B-2AF9-4BBA-9C8D-FD107DB8D775}.Debug|Any CPU.ActiveCfg = Debug|Any CPU
		{5D741B8B-2AF9-4BBA-9C8D-FD107DB8D775}.Debug|Any CPU.Build.0 = Debug|Any CPU
		{5D741B8B-2AF9-4BBA-9C8D-FD107DB8D775}.Release|Any CPU.ActiveCfg = Release|Any CPU
		{5D741B8B-2AF9-4BBA-9C8D-FD107DB8D775}.Release|Any CPU.Build.0 = Release|Any CPU
		{BF809328-F144-48B8-9C70-75BA147017F8}.Debug|Any CPU.ActiveCfg = Debug|Any CPU
		{BF809328-F144-48B8-9C70-75BA147017F8}.Debug|Any CPU.Build.0 = Debug|Any CPU
		{BF809328-F144-48B8-9C70-75BA147017F8}.Release|Any CPU.ActiveCfg = Release|Any CPU
		{BF809328-F144-48B8-9C70-75BA147017F8}.Release|Any CPU.Build.0 = Release|Any CPU
		{665C51E9-3FB2-447A-9BEB-FEA590B3B8C6}.Debug|Any CPU.ActiveCfg = Debug|Any CPU
		{665C51E9-3FB2-447A-9BEB-FEA590B3B8C6}.Debug|Any CPU.Build.0 = Debug|Any CPU
		{665C51E9-3FB2-447A-9BEB-FEA590B3B8C6}.Release|Any CPU.ActiveCfg = Release|Any CPU
		{665C51E9-3FB2-447A-9BEB-FEA590B3B8C6}.Release|Any CPU.Build.0 = Release|Any CPU
		{BB243114-7B92-4EC8-8B50-00C7972470CF}.Debug|Any CPU.ActiveCfg = Debug|Any CPU
		{BB243114-7B92-4EC8-8B50-00C7972470CF}.Debug|Any CPU.Build.0 = Debug|Any CPU
		{BB243114-7B92-4EC8-8B50-00C7972470CF}.Release|Any CPU.ActiveCfg = Release|Any CPU
		{BB243114-7B92-4EC8-8B50-00C7972470CF}.Release|Any CPU.Build.0 = Release|Any CPU
		{6A3F864D-7DA5-4FF7-8598-1C8D0A22E915}.Debug|Any CPU.ActiveCfg = Debug|Any CPU
		{6A3F864D-7DA5-4FF7-8598-1C8D0A22E915}.Debug|Any CPU.Build.0 = Debug|Any CPU
		{6A3F864D-7DA5-4FF7-8598-1C8D0A22E915}.Release|Any CPU.ActiveCfg = Release|Any CPU
		{6A3F864D-7DA5-4FF7-8598-1C8D0A22E915}.Release|Any CPU.Build.0 = Release|Any CPU
		{CCABC0D2-1A0C-409E-A262-E5E0EC22E096}.Debug|Any CPU.ActiveCfg = Debug|Any CPU
		{CCABC0D2-1A0C-409E-A262-E5E0EC22E096}.Debug|Any CPU.Build.0 = Debug|Any CPU
		{CCABC0D2-1A0C-409E-A262-E5E0EC22E096}.Release|Any CPU.ActiveCfg = Release|Any CPU
		{CCABC0D2-1A0C-409E-A262-E5E0EC22E096}.Release|Any CPU.Build.0 = Release|Any CPU
		{F0FF36EA-ED9B-487D-9694-550A0413C7A1}.Debug|Any CPU.ActiveCfg = Debug|Any CPU
		{F0FF36EA-ED9B-487D-9694-550A0413C7A1}.Debug|Any CPU.Build.0 = Debug|Any CPU
		{F0FF36EA-ED9B-487D-9694-550A0413C7A1}.Release|Any CPU.ActiveCfg = Release|Any CPU
		{F0FF36EA-ED9B-487D-9694-550A0413C7A1}.Release|Any CPU.Build.0 = Release|Any CPU
		{2AB5A671-8ED0-4140-9E0D-5C5A10DBBBF0}.Debug|Any CPU.ActiveCfg = Debug|Any CPU
		{2AB5A671-8ED0-4140-9E0D-5C5A10DBBBF0}.Debug|Any CPU.Build.0 = Debug|Any CPU
		{2AB5A671-8ED0-4140-9E0D-5C5A10DBBBF0}.Release|Any CPU.ActiveCfg = Release|Any CPU
		{2AB5A671-8ED0-4140-9E0D-5C5A10DBBBF0}.Release|Any CPU.Build.0 = Release|Any CPU
		{7D36F19A-9495-465B-8051-D4EC8C6D929E}.Debug|Any CPU.ActiveCfg = Debug|Any CPU
		{7D36F19A-9495-465B-8051-D4EC8C6D929E}.Debug|Any CPU.Build.0 = Debug|Any CPU
		{7D36F19A-9495-465B-8051-D4EC8C6D929E}.Release|Any CPU.ActiveCfg = Release|Any CPU
		{7D36F19A-9495-465B-8051-D4EC8C6D929E}.Release|Any CPU.Build.0 = Release|Any CPU
		{0D5075D2-A741-4F93-B055-3F4E7129C9C6}.Debug|Any CPU.ActiveCfg = Debug|Any CPU
		{0D5075D2-A741-4F93-B055-3F4E7129C9C6}.Debug|Any CPU.Build.0 = Debug|Any CPU
		{0D5075D2-A741-4F93-B055-3F4E7129C9C6}.Release|Any CPU.ActiveCfg = Release|Any CPU
		{0D5075D2-A741-4F93-B055-3F4E7129C9C6}.Release|Any CPU.Build.0 = Release|Any CPU
		{B67CDBFC-708F-4387-B98D-AADA071A54F3}.Debug|Any CPU.ActiveCfg = Debug|Any CPU
		{B67CDBFC-708F-4387-B98D-AADA071A54F3}.Debug|Any CPU.Build.0 = Debug|Any CPU
		{B67CDBFC-708F-4387-B98D-AADA071A54F3}.Release|Any CPU.ActiveCfg = Release|Any CPU
		{B67CDBFC-708F-4387-B98D-AADA071A54F3}.Release|Any CPU.Build.0 = Release|Any CPU
		{7EEC7079-270C-4FB1-B301-7A4F236420C3}.Debug|Any CPU.ActiveCfg = Debug|Any CPU
		{7EEC7079-270C-4FB1-B301-7A4F236420C3}.Debug|Any CPU.Build.0 = Debug|Any CPU
		{7EEC7079-270C-4FB1-B301-7A4F236420C3}.Release|Any CPU.ActiveCfg = Release|Any CPU
		{7EEC7079-270C-4FB1-B301-7A4F236420C3}.Release|Any CPU.Build.0 = Release|Any CPU
		{BB78BCD9-DEF9-4F19-AA99-E8D68C0ED5E9}.Debug|Any CPU.ActiveCfg = Debug|Any CPU
		{BB78BCD9-DEF9-4F19-AA99-E8D68C0ED5E9}.Debug|Any CPU.Build.0 = Debug|Any CPU
		{BB78BCD9-DEF9-4F19-AA99-E8D68C0ED5E9}.Release|Any CPU.ActiveCfg = Release|Any CPU
		{BB78BCD9-DEF9-4F19-AA99-E8D68C0ED5E9}.Release|Any CPU.Build.0 = Release|Any CPU
		{67AACEAD-7FC0-43E5-A915-42494A54E910}.Debug|Any CPU.ActiveCfg = Debug|Any CPU
		{67AACEAD-7FC0-43E5-A915-42494A54E910}.Debug|Any CPU.Build.0 = Debug|Any CPU
		{67AACEAD-7FC0-43E5-A915-42494A54E910}.Release|Any CPU.ActiveCfg = Release|Any CPU
		{67AACEAD-7FC0-43E5-A915-42494A54E910}.Release|Any CPU.Build.0 = Release|Any CPU
		{2CB222D3-36DC-4352-AFFC-CBA2A10B8DD6}.Debug|Any CPU.ActiveCfg = Debug|Any CPU
		{2CB222D3-36DC-4352-AFFC-CBA2A10B8DD6}.Debug|Any CPU.Build.0 = Debug|Any CPU
		{2CB222D3-36DC-4352-AFFC-CBA2A10B8DD6}.Release|Any CPU.ActiveCfg = Release|Any CPU
		{2CB222D3-36DC-4352-AFFC-CBA2A10B8DD6}.Release|Any CPU.Build.0 = Release|Any CPU
		{EED25C7F-A34C-4D5A-A33D-14C4CCE53CBA}.Debug|Any CPU.ActiveCfg = Debug|Any CPU
		{EED25C7F-A34C-4D5A-A33D-14C4CCE53CBA}.Debug|Any CPU.Build.0 = Debug|Any CPU
		{EED25C7F-A34C-4D5A-A33D-14C4CCE53CBA}.Release|Any CPU.ActiveCfg = Release|Any CPU
		{EED25C7F-A34C-4D5A-A33D-14C4CCE53CBA}.Release|Any CPU.Build.0 = Release|Any CPU
		{FC208255-1113-4407-9509-8957DC85B46B}.Debug|Any CPU.ActiveCfg = Debug|Any CPU
		{FC208255-1113-4407-9509-8957DC85B46B}.Debug|Any CPU.Build.0 = Debug|Any CPU
		{FC208255-1113-4407-9509-8957DC85B46B}.Release|Any CPU.ActiveCfg = Release|Any CPU
		{FC208255-1113-4407-9509-8957DC85B46B}.Release|Any CPU.Build.0 = Release|Any CPU
	EndGlobalSection
	GlobalSection(NestedProjects) = preSolution
		{BF809328-F144-48B8-9C70-75BA147017F8} = {FC872F66-A3A6-48F2-8386-037D4F4391AE}
		{5D741B8B-2AF9-4BBA-9C8D-FD107DB8D775} = {8254AEC4-3156-4D02-9C5A-41092BC06487}
		{A5F72E85-79B5-47F0-BD92-1F3958FFC524} = {8254AEC4-3156-4D02-9C5A-41092BC06487}
		{C535DB9B-E6F7-477A-97F2-C30697A92995} = {8254AEC4-3156-4D02-9C5A-41092BC06487}
		{665C51E9-3FB2-447A-9BEB-FEA590B3B8C6} = {FC872F66-A3A6-48F2-8386-037D4F4391AE}
		{BB243114-7B92-4EC8-8B50-00C7972470CF} = {8254AEC4-3156-4D02-9C5A-41092BC06487}
		{6A3F864D-7DA5-4FF7-8598-1C8D0A22E915} = {FC872F66-A3A6-48F2-8386-037D4F4391AE}
		{CCABC0D2-1A0C-409E-A262-E5E0EC22E096} = {FC872F66-A3A6-48F2-8386-037D4F4391AE}
		{F0FF36EA-ED9B-487D-9694-550A0413C7A1} = {FC872F66-A3A6-48F2-8386-037D4F4391AE}
		{2AB5A671-8ED0-4140-9E0D-5C5A10DBBBF0} = {8254AEC4-3156-4D02-9C5A-41092BC06487}
		{7D36F19A-9495-465B-8051-D4EC8C6D929E} = {8254AEC4-3156-4D02-9C5A-41092BC06487}
		{0D5075D2-A741-4F93-B055-3F4E7129C9C6} = {FC872F66-A3A6-48F2-8386-037D4F4391AE}
		{B67CDBFC-708F-4387-B98D-AADA071A54F3} = {8254AEC4-3156-4D02-9C5A-41092BC06487}
		{7EEC7079-270C-4FB1-B301-7A4F236420C3} = {FC872F66-A3A6-48F2-8386-037D4F4391AE}
		{BB78BCD9-DEF9-4F19-AA99-E8D68C0ED5E9} = {FC872F66-A3A6-48F2-8386-037D4F4391AE}
		{67AACEAD-7FC0-43E5-A915-42494A54E910} = {8254AEC4-3156-4D02-9C5A-41092BC06487}
		{2CB222D3-36DC-4352-AFFC-CBA2A10B8DD6} = {8254AEC4-3156-4D02-9C5A-41092BC06487}
		{EED25C7F-A34C-4D5A-A33D-14C4CCE53CBA} = {8254AEC4-3156-4D02-9C5A-41092BC06487}
		{FC208255-1113-4407-9509-8957DC85B46B} = {8254AEC4-3156-4D02-9C5A-41092BC06487}
	EndGlobalSection
EndGlobal
